
Microsoft Visual Studio Solution File, Format Version 12.00
# Visual Studio Version 16
VisualStudioVersion = 16.0.29926.136
MinimumVisualStudioVersion = 10.0.40219.1
Project("{FAE04EC0-301F-11D3-BF4B-00C04F79EFBC}") = "dotnetapp", "dotnetapp\dotnetapp.csproj", "{FA30B935-B693-43A7-9B68-7CA700372D76}"
EndProject
Global
	GlobalSection(SolutionConfigurationPlatforms) = preSolution
		Debug|Any CPU = Debug|Any CPU
		Release|Any CPU = Release|Any CPU
	EndGlobalSection
	GlobalSection(ProjectConfigurationPlatforms) = postSolution
		{FA30B935-B693-43A7-9B68-7CA700372D76}.Debug|Any CPU.ActiveCfg = Debug|Any CPU
		{FA30B935-B693-43A7-9B68-7CA700372D76}.Debug|Any CPU.Build.0 = Debug|Any CPU
		{FA30B935-B693-43A7-9B68-7CA700372D76}.Release|Any CPU.ActiveCfg = Release|Any CPU
		{FA30B935-B693-43A7-9B68-7CA700372D76}.Release|Any CPU.Build.0 = Release|Any CPU
	EndGlobalSection
	GlobalSection(SolutionProperties) = preSolution
		HideSolutionNode = FALSE
	EndGlobalSection
	GlobalSection(ExtensibilityGlobals) = postSolution
		SolutionGuid = {E7107902-99C4-42A3-A9EF-F7EE20655045}
	EndGlobalSection
EndGlobal
